// !$*UTF8*$!
{
	archiveVersion = 1;
	classes = {
	};
	objectVersion = 46;
	objects = {

/* Begin PBXBuildFile section */
		6544F4491D136A730014C068 /* AppDelegate.swift in Sources */ = {isa = PBXBuildFile; fileRef = 6544F4481D136A730014C068 /* AppDelegate.swift */; };
		6544F44B1D136A730014C068 /* ViewController.swift in Sources */ = {isa = PBXBuildFile; fileRef = 6544F44A1D136A730014C068 /* ViewController.swift */; };
		6544F44E1D136A730014C068 /* Main.storyboard in Resources */ = {isa = PBXBuildFile; fileRef = 6544F44C1D136A730014C068 /* Main.storyboard */; };
		6544F4501D136A730014C068 /* Assets.xcassets in Resources */ = {isa = PBXBuildFile; fileRef = 6544F44F1D136A730014C068 /* Assets.xcassets */; };
		6544F4531D136A730014C068 /* LaunchScreen.storyboard in Resources */ = {isa = PBXBuildFile; fileRef = 6544F4511D136A730014C068 /* LaunchScreen.storyboard */; };
/* End PBXBuildFile section */

/* Begin PBXContainerItemProxy section */
		6544F45A1D136A730014C068 /* PBXContainerItemProxy */ = {
			isa = PBXContainerItemProxy;
			containerPortal = 6544F43D1D136A720014C068 /* Project object */;
			proxyType = 1;
			remoteGlobalIDString = 6544F4441D136A720014C068;
			remoteInfo = Scheming;
		};
/* End PBXContainerItemProxy section */

/* Begin PBXFileReference section */
		6544F4451D136A720014C068 /* Scheming.app */ = {isa = PBXFileReference; explicitFileType = wrapper.application; includeInIndex = 0; path = Scheming.app; sourceTree = BUILT_PRODUCTS_DIR; };
		6544F4481D136A730014C068 /* AppDelegate.swift */ = {isa = PBXFileReference; lastKnownFileType = sourcecode.swift; path = AppDelegate.swift; sourceTree = "<group>"; };
		6544F44A1D136A730014C068 /* ViewController.swift */ = {isa = PBXFileReference; lastKnownFileType = sourcecode.swift; path = ViewController.swift; sourceTree = "<group>"; };
		6544F44D1D136A730014C068 /* Base */ = {isa = PBXFileReference; lastKnownFileType = file.storyboard; name = Base; path = Base.lproj/Main.storyboard; sourceTree = "<group>"; };
		6544F44F1D136A730014C068 /* Assets.xcassets */ = {isa = PBXFileReference; lastKnownFileType = folder.assetcatalog; path = Assets.xcassets; sourceTree = "<group>"; };
		6544F4521D136A730014C068 /* Base */ = {isa = PBXFileReference; lastKnownFileType = file.storyboard; name = Base; path = Base.lproj/LaunchScreen.storyboard; sourceTree = "<group>"; };
		6544F4541D136A730014C068 /* Info.plist */ = {isa = PBXFileReference; lastKnownFileType = text.plist.xml; path = Info.plist; sourceTree = "<group>"; };
		6544F4591D136A730014C068 /* SchemingTests.xctest */ = {isa = PBXFileReference; explicitFileType = wrapper.cfbundle; includeInIndex = 0; path = SchemingTests.xctest; sourceTree = BUILT_PRODUCTS_DIR; };
/* End PBXFileReference section */

/* Begin PBXFrameworksBuildPhase section */
		6544F4421D136A720014C068 /* Frameworks */ = {
			isa = PBXFrameworksBuildPhase;
			buildActionMask = 2147483647;
			files = (
			);
			runOnlyForDeploymentPostprocessing = 0;
		};
		6544F4561D136A730014C068 /* Frameworks */ = {
			isa = PBXFrameworksBuildPhase;
			buildActionMask = 2147483647;
			files = (
			);
			runOnlyForDeploymentPostprocessing = 0;
		};
/* End PBXFrameworksBuildPhase section */

/* Begin PBXGroup section */
		6544F43C1D136A720014C068 = {
			isa = PBXGroup;
			children = (
				6544F4471D136A730014C068 /* Scheming */,
				6544F4461D136A720014C068 /* Products */,
			);
			sourceTree = "<group>";
		};
		6544F4461D136A720014C068 /* Products */ = {
			isa = PBXGroup;
			children = (
				6544F4451D136A720014C068 /* Scheming.app */,
				6544F4591D136A730014C068 /* SchemingTests.xctest */,
			);
			name = Products;
			sourceTree = "<group>";
		};
		6544F4471D136A730014C068 /* Scheming */ = {
			isa = PBXGroup;
			children = (
				6544F4481D136A730014C068 /* AppDelegate.swift */,
				6544F44A1D136A730014C068 /* ViewController.swift */,
				6544F44C1D136A730014C068 /* Main.storyboard */,
				6544F44F1D136A730014C068 /* Assets.xcassets */,
				6544F4511D136A730014C068 /* LaunchScreen.storyboard */,
				6544F4541D136A730014C068 /* Info.plist */,
			);
			path = Scheming;
			sourceTree = "<group>";
		};
/* End PBXGroup section */

/* Begin PBXNativeTarget section */
		6544F4441D136A720014C068 /* Scheming */ = {
			isa = PBXNativeTarget;
			buildConfigurationList = 6544F4621D136A730014C068 /* Build configuration list for PBXNativeTarget "Scheming" */;
			buildPhases = (
				6544F4411D136A720014C068 /* Sources */,
				6544F4421D136A720014C068 /* Frameworks */,
				6544F4431D136A720014C068 /* Resources */,
			);
			buildRules = (
			);
			dependencies = (
			);
			name = Scheming;
			productName = Scheming;
			productReference = 6544F4451D136A720014C068 /* Scheming.app */;
			productType = "com.apple.product-type.application";
		};
		6544F4581D136A730014C068 /* SchemingTests */ = {
			isa = PBXNativeTarget;
			buildConfigurationList = 6544F4651D136A730014C068 /* Build configuration list for PBXNativeTarget "SchemingTests" */;
			buildPhases = (
				6544F4551D136A730014C068 /* Sources */,
				6544F4561D136A730014C068 /* Frameworks */,
				6544F4571D136A730014C068 /* Resources */,
			);
			buildRules = (
			);
			dependencies = (
				6544F45B1D136A730014C068 /* PBXTargetDependency */,
			);
			name = SchemingTests;
			productName = SchemingTests;
			productReference = 6544F4591D136A730014C068 /* SchemingTests.xctest */;
			productType = "com.apple.product-type.bundle.unit-test";
		};
/* End PBXNativeTarget section */

/* Begin PBXProject section */
		6544F43D1D136A720014C068 /* Project object */ = {
			isa = PBXProject;
			attributes = {
				LastSwiftUpdateCheck = 0730;
				LastUpgradeCheck = 0730;
				ORGANIZATIONNAME = iNexi;
				TargetAttributes = {
					6544F4441D136A720014C068 = {
						CreatedOnToolsVersion = 7.3.1;
						DevelopmentTeam = 29MEBYXCMJ;
					};
					6544F4581D136A730014C068 = {
						CreatedOnToolsVersion = 7.3.1;
						DevelopmentTeam = 29MEBYXCMJ;
						TestTargetID = 6544F4441D136A720014C068;
					};
				};
			};
			buildConfigurationList = 6544F4401D136A720014C068 /* Build configuration list for PBXProject "Scheming" */;
			compatibilityVersion = "Xcode 3.2";
			developmentRegion = English;
			hasScannedForEncodings = 0;
			knownRegions = (
				en,
				Base,
			);
			mainGroup = 6544F43C1D136A720014C068;
			productRefGroup = 6544F4461D136A720014C068 /* Products */;
			projectDirPath = "";
			projectRoot = "";
			targets = (
				6544F4441D136A720014C068 /* Scheming */,
				6544F4581D136A730014C068 /* SchemingTests */,
			);
		};
/* End PBXProject section */

/* Begin PBXResourcesBuildPhase section */
		6544F4431D136A720014C068 /* Resources */ = {
			isa = PBXResourcesBuildPhase;
			buildActionMask = 2147483647;
			files = (
				6544F4531D136A730014C068 /* LaunchScreen.storyboard in Resources */,
				6544F4501D136A730014C068 /* Assets.xcassets in Resources */,
				6544F44E1D136A730014C068 /* Main.storyboard in Resources */,
			);
			runOnlyForDeploymentPostprocessing = 0;
		};
		6544F4571D136A730014C068 /* Resources */ = {
			isa = PBXResourcesBuildPhase;
			buildActionMask = 2147483647;
			files = (
			);
			runOnlyForDeploymentPostprocessing = 0;
		};
/* End PBXResourcesBuildPhase section */

/* Begin PBXSourcesBuildPhase section */
		6544F4411D136A720014C068 /* Sources */ = {
			isa = PBXSourcesBuildPhase;
			buildActionMask = 2147483647;
			files = (
				6544F44B1D136A730014C068 /* ViewController.swift in Sources */,
				6544F4491D136A730014C068 /* AppDelegate.swift in Sources */,
			);
			runOnlyForDeploymentPostprocessing = 0;
		};
		6544F4551D136A730014C068 /* Sources */ = {
			isa = PBXSourcesBuildPhase;
			buildActionMask = 2147483647;
			files = (
			);
			runOnlyForDeploymentPostprocessing = 0;
		};
/* End PBXSourcesBuildPhase section */

/* Begin PBXTargetDependency section */
		6544F45B1D136A730014C068 /* PBXTargetDependency */ = {
			isa = PBXTargetDependency;
			target = 6544F4441D136A720014C068 /* Scheming */;
			targetProxy = 6544F45A1D136A730014C068 /* PBXContainerItemProxy */;
		};
/* End PBXTargetDependency section */

/* Begin PBXVariantGroup section */
		6544F44C1D136A730014C068 /* Main.storyboard */ = {
			isa = PBXVariantGroup;
			children = (
				6544F44D1D136A730014C068 /* Base */,
			);
			name = Main.storyboard;
			sourceTree = "<group>";
		};
		6544F4511D136A730014C068 /* LaunchScreen.storyboard */ = {
			isa = PBXVariantGroup;
			children = (
				6544F4521D136A730014C068 /* Base */,
			);
			name = LaunchScreen.storyboard;
			sourceTree = "<group>";
		};
/* End PBXVariantGroup section */

/* Begin XCBuildConfiguration section */
		6544F4601D136A730014C068 /* Debug */ = {
			isa = XCBuildConfiguration;
			buildSettings = {
				ALWAYS_SEARCH_USER_PATHS = NO;
				CLANG_ANALYZER_NONNULL = YES;
				CLANG_CXX_LANGUAGE_STANDARD = "gnu++0x";
				CLANG_CXX_LIBRARY = "libc++";
				CLANG_ENABLE_MODULES = YES;
				CLANG_ENABLE_OBJC_ARC = YES;
				CLANG_WARN_BOOL_CONVERSION = YES;
				CLANG_WARN_CONSTANT_CONVERSION = YES;
				CLANG_WARN_DIRECT_OBJC_ISA_USAGE = YES_ERROR;
				CLANG_WARN_EMPTY_BODY = YES;
				CLANG_WARN_ENUM_CONVERSION = YES;
				CLANG_WARN_INT_CONVERSION = YES;
				CLANG_WARN_OBJC_ROOT_CLASS = YES_ERROR;
				CLANG_WARN_UNREACHABLE_CODE = YES;
				CLANG_WARN__DUPLICATE_METHOD_MATCH = YES;
				"CODE_SIGN_IDENTITY[sdk=iphoneos*]" = "iPhone Developer";
				COPY_PHASE_STRIP = NO;
				DEBUG_INFORMATION_FORMAT = dwarf;
				ENABLE_STRICT_OBJC_MSGSEND = YES;
				ENABLE_TESTABILITY = YES;
				GCC_C_LANGUAGE_STANDARD = gnu99;
				GCC_DYNAMIC_NO_PIC = NO;
				GCC_NO_COMMON_BLOCKS = YES;
				GCC_OPTIMIZATION_LEVEL = 0;
				GCC_PREPROCESSOR_DEFINITIONS = (
					"DEBUG=1",
					"$(inherited)",
				);
				GCC_WARN_64_TO_32_BIT_CONVERSION = YES;
				GCC_WARN_ABOUT_RETURN_TYPE = YES_ERROR;
				GCC_WARN_UNDECLARED_SELECTOR = YES;
				GCC_WARN_UNINITIALIZED_AUTOS = YES_AGGRESSIVE;
				GCC_WARN_UNUSED_FUNCTION = YES;
				GCC_WARN_UNUSED_VARIABLE = YES;
				IPHONEOS_DEPLOYMENT_TARGET = 9.0;
				MTL_ENABLE_DEBUG_INFO = YES;
				ONLY_ACTIVE_ARCH = YES;
				SDKROOT = iphoneos;
				SWIFT_OPTIMIZATION_LEVEL = "-Onone";
				TARGETED_DEVICE_FAMILY = "1,2";
			};
			name = Debug;
		};
		6544F4611D136A730014C068 /* Release */ = {
			isa = XCBuildConfiguration;
			buildSettings = {
				ALWAYS_SEARCH_USER_PATHS = NO;
				CLANG_ANALYZER_NONNULL = YES;
				CLANG_CXX_LANGUAGE_STANDARD = "gnu++0x";
				CLANG_CXX_LIBRARY = "libc++";
				CLANG_ENABLE_MODULES = YES;
				CLANG_ENABLE_OBJC_ARC = YES;
				CLANG_WARN_BOOL_CONVERSION = YES;
				CLANG_WARN_CONSTANT_CONVERSION = YES;
				CLANG_WARN_DIRECT_OBJC_ISA_USAGE = YES_ERROR;
				CLANG_WARN_EMPTY_BODY = YES;
				CLANG_WARN_ENUM_CONVERSION = YES;
				CLANG_WARN_INT_CONVERSION = YES;
				CLANG_WARN_OBJC_ROOT_CLASS = YES_ERROR;
				CLANG_WARN_UNREACHABLE_CODE = YES;
				CLANG_WARN__DUPLICATE_METHOD_MATCH = YES;
				"CODE_SIGN_IDENTITY[sdk=iphoneos*]" = "iPhone Developer";
				COPY_PHASE_STRIP = NO;
				DEBUG_INFORMATION_FORMAT = "dwarf-with-dsym";
				ENABLE_NS_ASSERTIONS = NO;
				ENABLE_STRICT_OBJC_MSGSEND = YES;
				GCC_C_LANGUAGE_STANDARD = gnu99;
				GCC_NO_COMMON_BLOCKS = YES;
				GCC_WARN_64_TO_32_BIT_CONVERSION = YES;
				GCC_WARN_ABOUT_RETURN_TYPE = YES_ERROR;
				GCC_WARN_UNDECLARED_SELECTOR = YES;
				GCC_WARN_UNINITIALIZED_AUTOS = YES_AGGRESSIVE;
				GCC_WARN_UNUSED_FUNCTION = YES;
				GCC_WARN_UNUSED_VARIABLE = YES;
				IPHONEOS_DEPLOYMENT_TARGET = 9.0;
				MTL_ENABLE_DEBUG_INFO = NO;
				SDKROOT = iphoneos;
				TARGETED_DEVICE_FAMILY = "1,2";
				VALIDATE_PRODUCT = YES;
			};
			name = Release;
		};
		6544F4631D136A730014C068 /* Debug */ = {
			isa = XCBuildConfiguration;
			buildSettings = {
				ASSETCATALOG_COMPILER_APPICON_NAME = AppIcon;
				INFOPLIST_FILE = Scheming/Info.plist;
				IPHONEOS_DEPLOYMENT_TARGET = 9.0;
				LD_RUNPATH_SEARCH_PATHS = "$(inherited) @executable_path/Frameworks";
				PRODUCT_BUNDLE_IDENTIFIER = com.iNexi.Scheme;
				PRODUCT_NAME = "$(TARGET_NAME)";
			};
			name = Debug;
		};
		6544F4641D136A730014C068 /* Release */ = {
			isa = XCBuildConfiguration;
			buildSettings = {
				ASSETCATALOG_COMPILER_APPICON_NAME = AppIcon;
				INFOPLIST_FILE = Scheming/Info.plist;
				IPHONEOS_DEPLOYMENT_TARGET = 9.0;
				LD_RUNPATH_SEARCH_PATHS = "$(inherited) @executable_path/Frameworks";
				PRODUCT_BUNDLE_IDENTIFIER = com.iNexi.Scheme;
				PRODUCT_NAME = "$(TARGET_NAME)";
			};
			name = Release;
		};
		6544F4661D136A730014C068 /* Debug */ = {
			isa = XCBuildConfiguration;
			buildSettings = {
				BUNDLE_LOADER = "$(TEST_HOST)";
				INFOPLIST_FILE = SchemingTests/Info.plist;
				LD_RUNPATH_SEARCH_PATHS = "$(inherited) @executable_path/Frameworks @loader_path/Frameworks";
				PRODUCT_BUNDLE_IDENTIFIER = com.iNexi.SchemingTests;
				PRODUCT_NAME = "$(TARGET_NAME)";
				TEST_HOST = "$(BUILT_PRODUCTS_DIR)/Scheming.app/Scheming";
			};
			name = Debug;
		};
		6544F4671D136A730014C068 /* Release */ = {
			isa = XCBuildConfiguration;
			buildSettings = {
				BUNDLE_LOADER = "$(TEST_HOST)";
				INFOPLIST_FILE = SchemingTests/Info.plist;
				LD_RUNPATH_SEARCH_PATHS = "$(inherited) @executable_path/Frameworks @loader_path/Frameworks";
				PRODUCT_BUNDLE_IDENTIFIER = com.iNexi.SchemingTests;
				PRODUCT_NAME = "$(TARGET_NAME)";
				TEST_HOST = "$(BUILT_PRODUCTS_DIR)/Scheming.app/Scheming";
			};
			name = Release;
		};
/* End XCBuildConfiguration section */

/* Begin XCConfigurationList section */
		6544F4401D136A720014C068 /* Build configuration list for PBXProject "Scheming" */ = {
			isa = XCConfigurationList;
			buildConfigurations = (
				6544F4601D136A730014C068 /* Debug */,
				6544F4611D136A730014C068 /* Release */,
			);
			defaultConfigurationIsVisible = 0;
			defaultConfigurationName = Release;
		};
		6544F4621D136A730014C068 /* Build configuration list for PBXNativeTarget "Scheming" */ = {
			isa = XCConfigurationList;
			buildConfigurations = (
				6544F4631D136A730014C068 /* Debug */,
				6544F4641D136A730014C068 /* Release */,
			);
			defaultConfigurationIsVisible = 0;
			defaultConfigurationName = Release;
		};
		6544F4651D136A730014C068 /* Build configuration list for PBXNativeTarget "SchemingTests" */ = {
			isa = XCConfigurationList;
			buildConfigurations = (
				6544F4661D136A730014C068 /* Debug */,
				6544F4671D136A730014C068 /* Release */,
			);
			defaultConfigurationIsVisible = 0;
			defaultConfigurationName = Release;
		};
/* End XCConfigurationList section */
	};
	rootObject = 6544F43D1D136A720014C068 /* Project object */;
}
